// !$*UTF8*$!
{
	archiveVersion = 1;
	classes = {
	};
	objectVersion = 46;
	objects = {

/* Begin PBXBuildFile section */
		443366A01A923349002DD5F5 /* main.m in Sources */ = {isa = PBXBuildFile; fileRef = 4433669F1A923349002DD5F5 /* main.m */; };
		443366A31A923349002DD5F5 /* AppDelegate.m in Sources */ = {isa = PBXBuildFile; fileRef = 443366A21A923349002DD5F5 /* AppDelegate.m */; };
		443366A61A923349002DD5F5 /* Masterbatches.xcdatamodeld in Sources */ = {isa = PBXBuildFile; fileRef = 443366A41A923349002DD5F5 /* Masterbatches.xcdatamodeld */; };
		443366A91A923349002DD5F5 /* ViewController.m in Sources */ = {isa = PBXBuildFile; fileRef = 443366A81A923349002DD5F5 /* ViewController.m */; };
		443366AC1A923349002DD5F5 /* Main.storyboard in Resources */ = {isa = PBXBuildFile; fileRef = 443366AA1A923349002DD5F5 /* Main.storyboard */; };
		443366AE1A923349002DD5F5 /* Images.xcassets in Resources */ = {isa = PBXBuildFile; fileRef = 443366AD1A923349002DD5F5 /* Images.xcassets */; };
		443366B11A923349002DD5F5 /* LaunchScreen.xib in Resources */ = {isa = PBXBuildFile; fileRef = 443366AF1A923349002DD5F5 /* LaunchScreen.xib */; };
		443366BD1A923349002DD5F5 /* MasterbatchesTests.m in Sources */ = {isa = PBXBuildFile; fileRef = 443366BC1A923349002DD5F5 /* MasterbatchesTests.m */; };
		443366CD1A9239CE002DD5F5 /* CMGuidedSearchMainViewController.m in Sources */ = {isa = PBXBuildFile; fileRef = 443366CB1A9239CE002DD5F5 /* CMGuidedSearchMainViewController.m */; };
		443366CE1A9239CE002DD5F5 /* CMGuidedSearchMainViewController.xib in Resources */ = {isa = PBXBuildFile; fileRef = 443366CC1A9239CE002DD5F5 /* CMGuidedSearchMainViewController.xib */; };
		443366D21A923BE0002DD5F5 /* CMProductSpecification.m in Sources */ = {isa = PBXBuildFile; fileRef = 443366D11A923BE0002DD5F5 /* CMProductSpecification.m */; };
		443366D61A923C38002DD5F5 /* CMGuidedSearchSolutionTypeViewController.m in Sources */ = {isa = PBXBuildFile; fileRef = 443366D41A923C38002DD5F5 /* CMGuidedSearchSolutionTypeViewController.m */; };
		443366D71A923C38002DD5F5 /* CMGuidedSearchSolutionTypeViewController.xib in Resources */ = {isa = PBXBuildFile; fileRef = 443366D51A923C38002DD5F5 /* CMGuidedSearchSolutionTypeViewController.xib */; };
		443366DA1A923DE9002DD5F5 /* Localizable.strings in Resources */ = {isa = PBXBuildFile; fileRef = 443366DC1A923DE9002DD5F5 /* Localizable.strings */; };
		443366E51A92499C002DD5F5 /* CMGuidedSearchColorViewController.m in Sources */ = {isa = PBXBuildFile; fileRef = 443366E31A92499C002DD5F5 /* CMGuidedSearchColorViewController.m */; };
		443366E61A92499C002DD5F5 /* CMGuidedSearchColorViewController.xib in Resources */ = {isa = PBXBuildFile; fileRef = 443366E41A92499C002DD5F5 /* CMGuidedSearchColorViewController.xib */; };
		443366EA1A92513A002DD5F5 /* CMGuidedSearchAdditiveFunctionalityViewController.m in Sources */ = {isa = PBXBuildFile; fileRef = 443366E81A92513A002DD5F5 /* CMGuidedSearchAdditiveFunctionalityViewController.m */; };
		443366EB1A92513A002DD5F5 /* CMGuidedSearchAdditiveFunctionalityViewController.xib in Resources */ = {isa = PBXBuildFile; fileRef = 443366E91A92513A002DD5F5 /* CMGuidedSearchAdditiveFunctionalityViewController.xib */; };
/* End PBXBuildFile section */

/* Begin PBXContainerItemProxy section */
		443366B71A923349002DD5F5 /* PBXContainerItemProxy */ = {
			isa = PBXContainerItemProxy;
			containerPortal = 443366921A923349002DD5F5 /* Project object */;
			proxyType = 1;
			remoteGlobalIDString = 443366991A923349002DD5F5;
			remoteInfo = Masterbatches;
		};
/* End PBXContainerItemProxy section */

/* Begin PBXFileReference section */
		4433669A1A923349002DD5F5 /* Masterbatches.app */ = {isa = PBXFileReference; explicitFileType = wrapper.application; includeInIndex = 0; path = Masterbatches.app; sourceTree = BUILT_PRODUCTS_DIR; };
		4433669E1A923349002DD5F5 /* Info.plist */ = {isa = PBXFileReference; lastKnownFileType = text.plist.xml; path = Info.plist; sourceTree = "<group>"; };
		4433669F1A923349002DD5F5 /* main.m */ = {isa = PBXFileReference; lastKnownFileType = sourcecode.c.objc; path = main.m; sourceTree = "<group>"; };
		443366A11A923349002DD5F5 /* AppDelegate.h */ = {isa = PBXFileReference; lastKnownFileType = sourcecode.c.h; path = AppDelegate.h; sourceTree = "<group>"; };
		443366A21A923349002DD5F5 /* AppDelegate.m */ = {isa = PBXFileReference; lastKnownFileType = sourcecode.c.objc; path = AppDelegate.m; sourceTree = "<group>"; };
		443366A51A923349002DD5F5 /* Masterbatches.xcdatamodel */ = {isa = PBXFileReference; lastKnownFileType = wrapper.xcdatamodel; path = Masterbatches.xcdatamodel; sourceTree = "<group>"; };
		443366A71A923349002DD5F5 /* ViewController.h */ = {isa = PBXFileReference; lastKnownFileType = sourcecode.c.h; path = ViewController.h; sourceTree = "<group>"; };
		443366A81A923349002DD5F5 /* ViewController.m */ = {isa = PBXFileReference; lastKnownFileType = sourcecode.c.objc; path = ViewController.m; sourceTree = "<group>"; };
		443366AB1A923349002DD5F5 /* Base */ = {isa = PBXFileReference; lastKnownFileType = file.storyboard; name = Base; path = Base.lproj/Main.storyboard; sourceTree = "<group>"; };
		443366AD1A923349002DD5F5 /* Images.xcassets */ = {isa = PBXFileReference; lastKnownFileType = folder.assetcatalog; path = Images.xcassets; sourceTree = "<group>"; };
		443366B01A923349002DD5F5 /* Base */ = {isa = PBXFileReference; lastKnownFileType = file.xib; name = Base; path = Base.lproj/LaunchScreen.xib; sourceTree = "<group>"; };
		443366B61A923349002DD5F5 /* MasterbatchesTests.xctest */ = {isa = PBXFileReference; explicitFileType = wrapper.cfbundle; includeInIndex = 0; path = MasterbatchesTests.xctest; sourceTree = BUILT_PRODUCTS_DIR; };
		443366BB1A923349002DD5F5 /* Info.plist */ = {isa = PBXFileReference; lastKnownFileType = text.plist.xml; path = Info.plist; sourceTree = "<group>"; };
		443366BC1A923349002DD5F5 /* MasterbatchesTests.m */ = {isa = PBXFileReference; lastKnownFileType = sourcecode.c.objc; path = MasterbatchesTests.m; sourceTree = "<group>"; };
		443366C91A92398B002DD5F5 /* CMGuidedSearchQuestionViewController.h */ = {isa = PBXFileReference; lastKnownFileType = sourcecode.c.h; path = CMGuidedSearchQuestionViewController.h; sourceTree = "<group>"; };
		443366CA1A9239CE002DD5F5 /* CMGuidedSearchMainViewController.h */ = {isa = PBXFileReference; fileEncoding = 4; lastKnownFileType = sourcecode.c.h; path = CMGuidedSearchMainViewController.h; sourceTree = "<group>"; };
		443366CB1A9239CE002DD5F5 /* CMGuidedSearchMainViewController.m */ = {isa = PBXFileReference; fileEncoding = 4; lastKnownFileType = sourcecode.c.objc; path = CMGuidedSearchMainViewController.m; sourceTree = "<group>"; };
		443366CC1A9239CE002DD5F5 /* CMGuidedSearchMainViewController.xib */ = {isa = PBXFileReference; fileEncoding = 4; lastKnownFileType = file.xib; path = CMGuidedSearchMainViewController.xib; sourceTree = "<group>"; };
		443366D01A923BE0002DD5F5 /* CMProductSpecification.h */ = {isa = PBXFileReference; fileEncoding = 4; lastKnownFileType = sourcecode.c.h; path = CMProductSpecification.h; sourceTree = "<group>"; };
		443366D11A923BE0002DD5F5 /* CMProductSpecification.m */ = {isa = PBXFileReference; fileEncoding = 4; lastKnownFileType = sourcecode.c.objc; path = CMProductSpecification.m; sourceTree = "<group>"; };
		443366D31A923C38002DD5F5 /* CMGuidedSearchSolutionTypeViewController.h */ = {isa = PBXFileReference; fileEncoding = 4; lastKnownFileType = sourcecode.c.h; path = CMGuidedSearchSolutionTypeViewController.h; sourceTree = "<group>"; };
		443366D41A923C38002DD5F5 /* CMGuidedSearchSolutionTypeViewController.m */ = {isa = PBXFileReference; fileEncoding = 4; lastKnownFileType = sourcecode.c.objc; path = CMGuidedSearchSolutionTypeViewController.m; sourceTree = "<group>"; };
		443366D51A923C38002DD5F5 /* CMGuidedSearchSolutionTypeViewController.xib */ = {isa = PBXFileReference; fileEncoding = 4; lastKnownFileType = file.xib; path = CMGuidedSearchSolutionTypeViewController.xib; sourceTree = "<group>"; };
		443366DB1A923DE9002DD5F5 /* Base */ = {isa = PBXFileReference; lastKnownFileType = text.plist.strings; name = Base; path = Base.lproj/Localizable.strings; sourceTree = "<group>"; };
		443366E21A92499C002DD5F5 /* CMGuidedSearchColorViewController.h */ = {isa = PBXFileReference; fileEncoding = 4; lastKnownFileType = sourcecode.c.h; path = CMGuidedSearchColorViewController.h; sourceTree = "<group>"; };
		443366E31A92499C002DD5F5 /* CMGuidedSearchColorViewController.m */ = {isa = PBXFileReference; fileEncoding = 4; lastKnownFileType = sourcecode.c.objc; path = CMGuidedSearchColorViewController.m; sourceTree = "<group>"; };
		443366E41A92499C002DD5F5 /* CMGuidedSearchColorViewController.xib */ = {isa = PBXFileReference; fileEncoding = 4; lastKnownFileType = file.xib; path = CMGuidedSearchColorViewController.xib; sourceTree = "<group>"; };
		443366E71A92513A002DD5F5 /* CMGuidedSearchAdditiveFunctionalityViewController.h */ = {isa = PBXFileReference; fileEncoding = 4; lastKnownFileType = sourcecode.c.h; path = CMGuidedSearchAdditiveFunctionalityViewController.h; sourceTree = "<group>"; };
		443366E81A92513A002DD5F5 /* CMGuidedSearchAdditiveFunctionalityViewController.m */ = {isa = PBXFileReference; fileEncoding = 4; lastKnownFileType = sourcecode.c.objc; path = CMGuidedSearchAdditiveFunctionalityViewController.m; sourceTree = "<group>"; };
		443366E91A92513A002DD5F5 /* CMGuidedSearchAdditiveFunctionalityViewController.xib */ = {isa = PBXFileReference; fileEncoding = 4; lastKnownFileType = file.xib; path = CMGuidedSearchAdditiveFunctionalityViewController.xib; sourceTree = "<group>"; };
/* End PBXFileReference section */

/* Begin PBXFrameworksBuildPhase section */
		443366971A923349002DD5F5 /* Frameworks */ = {
			isa = PBXFrameworksBuildPhase;
			buildActionMask = 2147483647;
			files = (
			);
			runOnlyForDeploymentPostprocessing = 0;
		};
		443366B31A923349002DD5F5 /* Frameworks */ = {
			isa = PBXFrameworksBuildPhase;
			buildActionMask = 2147483647;
			files = (
			);
			runOnlyForDeploymentPostprocessing = 0;
		};
/* End PBXFrameworksBuildPhase section */

/* Begin PBXGroup section */
		443366911A923349002DD5F5 = {
			isa = PBXGroup;
			children = (
				4433669C1A923349002DD5F5 /* Masterbatches */,
				443366B91A923349002DD5F5 /* MasterbatchesTests */,
				4433669B1A923349002DD5F5 /* Products */,
			);
			sourceTree = "<group>";
		};
		4433669B1A923349002DD5F5 /* Products */ = {
			isa = PBXGroup;
			children = (
				4433669A1A923349002DD5F5 /* Masterbatches.app */,
				443366B61A923349002DD5F5 /* MasterbatchesTests.xctest */,
			);
			name = Products;
			sourceTree = "<group>";
		};
		4433669C1A923349002DD5F5 /* Masterbatches */ = {
			isa = PBXGroup;
			children = (
				443366C81A92395E002DD5F5 /* Guided Search */,
				443366A11A923349002DD5F5 /* AppDelegate.h */,
				443366A21A923349002DD5F5 /* AppDelegate.m */,
				443366A71A923349002DD5F5 /* ViewController.h */,
				443366A81A923349002DD5F5 /* ViewController.m */,
				443366AA1A923349002DD5F5 /* Main.storyboard */,
				443366AD1A923349002DD5F5 /* Images.xcassets */,
				443366AF1A923349002DD5F5 /* LaunchScreen.xib */,
				443366A41A923349002DD5F5 /* Masterbatches.xcdatamodeld */,
				4433669D1A923349002DD5F5 /* Supporting Files */,
				443366D01A923BE0002DD5F5 /* CMProductSpecification.h */,
				443366D11A923BE0002DD5F5 /* CMProductSpecification.m */,
			);
			path = Masterbatches;
			sourceTree = "<group>";
		};
		4433669D1A923349002DD5F5 /* Supporting Files */ = {
			isa = PBXGroup;
			children = (
				4433669E1A923349002DD5F5 /* Info.plist */,
				4433669F1A923349002DD5F5 /* main.m */,
				443366DC1A923DE9002DD5F5 /* Localizable.strings */,
			);
			name = "Supporting Files";
			sourceTree = "<group>";
		};
		443366B91A923349002DD5F5 /* MasterbatchesTests */ = {
			isa = PBXGroup;
			children = (
				443366BC1A923349002DD5F5 /* MasterbatchesTests.m */,
				443366BA1A923349002DD5F5 /* Supporting Files */,
			);
			path = MasterbatchesTests;
			sourceTree = "<group>";
		};
		443366BA1A923349002DD5F5 /* Supporting Files */ = {
			isa = PBXGroup;
			children = (
				443366BB1A923349002DD5F5 /* Info.plist */,
			);
			name = "Supporting Files";
			sourceTree = "<group>";
		};
		443366C81A92395E002DD5F5 /* Guided Search */ = {
			isa = PBXGroup;
			children = (
				443366C91A92398B002DD5F5 /* CMGuidedSearchQuestionViewController.h */,
				443366CA1A9239CE002DD5F5 /* CMGuidedSearchMainViewController.h */,
				443366CB1A9239CE002DD5F5 /* CMGuidedSearchMainViewController.m */,
				443366CC1A9239CE002DD5F5 /* CMGuidedSearchMainViewController.xib */,
				443366CF1A923B58002DD5F5 /* Questions */,
			);
			path = "Guided Search";
			sourceTree = "<group>";
		};
		443366CF1A923B58002DD5F5 /* Questions */ = {
			isa = PBXGroup;
			children = (
				443366D31A923C38002DD5F5 /* CMGuidedSearchSolutionTypeViewController.h */,
				443366D41A923C38002DD5F5 /* CMGuidedSearchSolutionTypeViewController.m */,
				443366D51A923C38002DD5F5 /* CMGuidedSearchSolutionTypeViewController.xib */,
				443366E21A92499C002DD5F5 /* CMGuidedSearchColorViewController.h */,
				443366E31A92499C002DD5F5 /* CMGuidedSearchColorViewController.m */,
				443366E41A92499C002DD5F5 /* CMGuidedSearchColorViewController.xib */,
				443366E71A92513A002DD5F5 /* CMGuidedSearchAdditiveFunctionalityViewController.h */,
				443366E81A92513A002DD5F5 /* CMGuidedSearchAdditiveFunctionalityViewController.m */,
				443366E91A92513A002DD5F5 /* CMGuidedSearchAdditiveFunctionalityViewController.xib */,
			);
			name = Questions;
			sourceTree = "<group>";
		};
/* End PBXGroup section */

/* Begin PBXNativeTarget section */
		443366991A923349002DD5F5 /* Masterbatches */ = {
			isa = PBXNativeTarget;
			buildConfigurationList = 443366C01A923349002DD5F5 /* Build configuration list for PBXNativeTarget "Masterbatches" */;
			buildPhases = (
				443366961A923349002DD5F5 /* Sources */,
				443366971A923349002DD5F5 /* Frameworks */,
				443366981A923349002DD5F5 /* Resources */,
			);
			buildRules = (
			);
			dependencies = (
			);
			name = Masterbatches;
			productName = Masterbatches;
			productReference = 4433669A1A923349002DD5F5 /* Masterbatches.app */;
			productType = "com.apple.product-type.application";
		};
		443366B51A923349002DD5F5 /* MasterbatchesTests */ = {
			isa = PBXNativeTarget;
			buildConfigurationList = 443366C31A923349002DD5F5 /* Build configuration list for PBXNativeTarget "MasterbatchesTests" */;
			buildPhases = (
				443366B21A923349002DD5F5 /* Sources */,
				443366B31A923349002DD5F5 /* Frameworks */,
				443366B41A923349002DD5F5 /* Resources */,
			);
			buildRules = (
			);
			dependencies = (
				443366B81A923349002DD5F5 /* PBXTargetDependency */,
			);
			name = MasterbatchesTests;
			productName = MasterbatchesTests;
			productReference = 443366B61A923349002DD5F5 /* MasterbatchesTests.xctest */;
			productType = "com.apple.product-type.bundle.unit-test";
		};
/* End PBXNativeTarget section */

/* Begin PBXProject section */
		443366921A923349002DD5F5 /* Project object */ = {
			isa = PBXProject;
			attributes = {
				LastUpgradeCheck = 0610;
				ORGANIZATIONNAME = Clariant;
				TargetAttributes = {
					443366991A923349002DD5F5 = {
						CreatedOnToolsVersion = 6.1.1;
					};
					443366B51A923349002DD5F5 = {
						CreatedOnToolsVersion = 6.1.1;
						TestTargetID = 443366991A923349002DD5F5;
					};
				};
			};
			buildConfigurationList = 443366951A923349002DD5F5 /* Build configuration list for PBXProject "Masterbatches" */;
			compatibilityVersion = "Xcode 3.2";
			developmentRegion = English;
			hasScannedForEncodings = 0;
			knownRegions = (
				en,
				Base,
			);
			mainGroup = 443366911A923349002DD5F5;
			productRefGroup = 4433669B1A923349002DD5F5 /* Products */;
			projectDirPath = "";
			projectRoot = "";
			targets = (
				443366991A923349002DD5F5 /* Masterbatches */,
				443366B51A923349002DD5F5 /* MasterbatchesTests */,
			);
		};
/* End PBXProject section */

/* Begin PBXResourcesBuildPhase section */
		443366981A923349002DD5F5 /* Resources */ = {
			isa = PBXResourcesBuildPhase;
			buildActionMask = 2147483647;
			files = (
				443366EB1A92513A002DD5F5 /* CMGuidedSearchAdditiveFunctionalityViewController.xib in Resources */,
				443366AC1A923349002DD5F5 /* Main.storyboard in Resources */,
				443366E61A92499C002DD5F5 /* CMGuidedSearchColorViewController.xib in Resources */,
				443366DA1A923DE9002DD5F5 /* Localizable.strings in Resources */,
				443366CE1A9239CE002DD5F5 /* CMGuidedSearchMainViewController.xib in Resources */,
				443366B11A923349002DD5F5 /* LaunchScreen.xib in Resources */,
				443366D71A923C38002DD5F5 /* CMGuidedSearchSolutionTypeViewController.xib in Resources */,
				443366AE1A923349002DD5F5 /* Images.xcassets in Resources */,
			);
			runOnlyForDeploymentPostprocessing = 0;
		};
		443366B41A923349002DD5F5 /* Resources */ = {
			isa = PBXResourcesBuildPhase;
			buildActionMask = 2147483647;
			files = (
			);
			runOnlyForDeploymentPostprocessing = 0;
		};
/* End PBXResourcesBuildPhase section */

/* Begin PBXSourcesBuildPhase section */
		443366961A923349002DD5F5 /* Sources */ = {
			isa = PBXSourcesBuildPhase;
			buildActionMask = 2147483647;
			files = (
				443366CD1A9239CE002DD5F5 /* CMGuidedSearchMainViewController.m in Sources */,
				443366A31A923349002DD5F5 /* AppDelegate.m in Sources */,
				443366A01A923349002DD5F5 /* main.m in Sources */,
				443366A91A923349002DD5F5 /* ViewController.m in Sources */,
				443366EA1A92513A002DD5F5 /* CMGuidedSearchAdditiveFunctionalityViewController.m in Sources */,
				443366E51A92499C002DD5F5 /* CMGuidedSearchColorViewController.m in Sources */,
				443366D61A923C38002DD5F5 /* CMGuidedSearchSolutionTypeViewController.m in Sources */,
				443366A61A923349002DD5F5 /* Masterbatches.xcdatamodeld in Sources */,
				443366D21A923BE0002DD5F5 /* CMProductSpecification.m in Sources */,
			);
			runOnlyForDeploymentPostprocessing = 0;
		};
		443366B21A923349002DD5F5 /* Sources */ = {
			isa = PBXSourcesBuildPhase;
			buildActionMask = 2147483647;
			files = (
				443366BD1A923349002DD5F5 /* MasterbatchesTests.m in Sources */,
			);
			runOnlyForDeploymentPostprocessing = 0;
		};
/* End PBXSourcesBuildPhase section */

/* Begin PBXTargetDependency section */
		443366B81A923349002DD5F5 /* PBXTargetDependency */ = {
			isa = PBXTargetDependency;
			target = 443366991A923349002DD5F5 /* Masterbatches */;
			targetProxy = 443366B71A923349002DD5F5 /* PBXContainerItemProxy */;
		};
/* End PBXTargetDependency section */

/* Begin PBXVariantGroup section */
		443366AA1A923349002DD5F5 /* Main.storyboard */ = {
			isa = PBXVariantGroup;
			children = (
				443366AB1A923349002DD5F5 /* Base */,
			);
			name = Main.storyboard;
			sourceTree = "<group>";
		};
		443366AF1A923349002DD5F5 /* LaunchScreen.xib */ = {
			isa = PBXVariantGroup;
			children = (
				443366B01A923349002DD5F5 /* Base */,
			);
			name = LaunchScreen.xib;
			sourceTree = "<group>";
		};
		443366DC1A923DE9002DD5F5 /* Localizable.strings */ = {
			isa = PBXVariantGroup;
			children = (
				443366DB1A923DE9002DD5F5 /* Base */,
			);
			name = Localizable.strings;
			sourceTree = "<group>";
		};
/* End PBXVariantGroup section */

/* Begin XCBuildConfiguration section */
		443366BE1A923349002DD5F5 /* Debug */ = {
			isa = XCBuildConfiguration;
			buildSettings = {
				ALWAYS_SEARCH_USER_PATHS = NO;
				CLANG_CXX_LANGUAGE_STANDARD = "gnu++0x";
				CLANG_CXX_LIBRARY = "libc++";
				CLANG_ENABLE_MODULES = YES;
				CLANG_ENABLE_OBJC_ARC = YES;
				CLANG_WARN_BOOL_CONVERSION = YES;
				CLANG_WARN_CONSTANT_CONVERSION = YES;
				CLANG_WARN_DIRECT_OBJC_ISA_USAGE = YES_ERROR;
				CLANG_WARN_EMPTY_BODY = YES;
				CLANG_WARN_ENUM_CONVERSION = YES;
				CLANG_WARN_INT_CONVERSION = YES;
				CLANG_WARN_OBJC_ROOT_CLASS = YES_ERROR;
				CLANG_WARN_UNREACHABLE_CODE = YES;
				CLANG_WARN__DUPLICATE_METHOD_MATCH = YES;
				"CODE_SIGN_IDENTITY[sdk=iphoneos*]" = "iPhone Developer";
				COPY_PHASE_STRIP = NO;
				ENABLE_STRICT_OBJC_MSGSEND = YES;
				GCC_C_LANGUAGE_STANDARD = gnu99;
				GCC_DYNAMIC_NO_PIC = NO;
				GCC_OPTIMIZATION_LEVEL = 0;
				GCC_PREPROCESSOR_DEFINITIONS = (
					"DEBUG=1",
					"$(inherited)",
				);
				GCC_SYMBOLS_PRIVATE_EXTERN = NO;
				GCC_WARN_64_TO_32_BIT_CONVERSION = YES;
				GCC_WARN_ABOUT_RETURN_TYPE = YES_ERROR;
				GCC_WARN_UNDECLARED_SELECTOR = YES;
				GCC_WARN_UNINITIALIZED_AUTOS = YES_AGGRESSIVE;
				GCC_WARN_UNUSED_FUNCTION = YES;
				GCC_WARN_UNUSED_VARIABLE = YES;
				IPHONEOS_DEPLOYMENT_TARGET = 8.1;
				MTL_ENABLE_DEBUG_INFO = YES;
				ONLY_ACTIVE_ARCH = YES;
				SDKROOT = iphoneos;
				TARGETED_DEVICE_FAMILY = "1,2";
			};
			name = Debug;
		};
		443366BF1A923349002DD5F5 /* Release */ = {
			isa = XCBuildConfiguration;
			buildSettings = {
				ALWAYS_SEARCH_USER_PATHS = NO;
				CLANG_CXX_LANGUAGE_STANDARD = "gnu++0x";
				CLANG_CXX_LIBRARY = "libc++";
				CLANG_ENABLE_MODULES = YES;
				CLANG_ENABLE_OBJC_ARC = YES;
				CLANG_WARN_BOOL_CONVERSION = YES;
				CLANG_WARN_CONSTANT_CONVERSION = YES;
				CLANG_WARN_DIRECT_OBJC_ISA_USAGE = YES_ERROR;
				CLANG_WARN_EMPTY_BODY = YES;
				CLANG_WARN_ENUM_CONVERSION = YES;
				CLANG_WARN_INT_CONVERSION = YES;
				CLANG_WARN_OBJC_ROOT_CLASS = YES_ERROR;
				CLANG_WARN_UNREACHABLE_CODE = YES;
				CLANG_WARN__DUPLICATE_METHOD_MATCH = YES;
				"CODE_SIGN_IDENTITY[sdk=iphoneos*]" = "iPhone Developer";
				COPY_PHASE_STRIP = YES;
				ENABLE_NS_ASSERTIONS = NO;
				ENABLE_STRICT_OBJC_MSGSEND = YES;
				GCC_C_LANGUAGE_STANDARD = gnu99;
				GCC_WARN_64_TO_32_BIT_CONVERSION = YES;
				GCC_WARN_ABOUT_RETURN_TYPE = YES_ERROR;
				GCC_WARN_UNDECLARED_SELECTOR = YES;
				GCC_WARN_UNINITIALIZED_AUTOS = YES_AGGRESSIVE;
				GCC_WARN_UNUSED_FUNCTION = YES;
				GCC_WARN_UNUSED_VARIABLE = YES;
				IPHONEOS_DEPLOYMENT_TARGET = 8.1;
				MTL_ENABLE_DEBUG_INFO = NO;
				SDKROOT = iphoneos;
				TARGETED_DEVICE_FAMILY = "1,2";
				VALIDATE_PRODUCT = YES;
			};
			name = Release;
		};
		443366C11A923349002DD5F5 /* Debug */ = {
			isa = XCBuildConfiguration;
			buildSettings = {
				ASSETCATALOG_COMPILER_APPICON_NAME = AppIcon;
				INFOPLIST_FILE = Masterbatches/Info.plist;
				LD_RUNPATH_SEARCH_PATHS = "$(inherited) @executable_path/Frameworks";
				PRODUCT_NAME = "$(TARGET_NAME)";
			};
			name = Debug;
		};
		443366C21A923349002DD5F5 /* Release */ = {
			isa = XCBuildConfiguration;
			buildSettings = {
				ASSETCATALOG_COMPILER_APPICON_NAME = AppIcon;
				INFOPLIST_FILE = Masterbatches/Info.plist;
				LD_RUNPATH_SEARCH_PATHS = "$(inherited) @executable_path/Frameworks";
				PRODUCT_NAME = "$(TARGET_NAME)";
			};
			name = Release;
		};
		443366C41A923349002DD5F5 /* Debug */ = {
			isa = XCBuildConfiguration;
			buildSettings = {
				BUNDLE_LOADER = "$(TEST_HOST)";
				FRAMEWORK_SEARCH_PATHS = (
					"$(SDKROOT)/Developer/Library/Frameworks",
					"$(inherited)",
				);
				GCC_PREPROCESSOR_DEFINITIONS = (
					"DEBUG=1",
					"$(inherited)",
				);
				INFOPLIST_FILE = MasterbatchesTests/Info.plist;
				LD_RUNPATH_SEARCH_PATHS = "$(inherited) @executable_path/Frameworks @loader_path/Frameworks";
				PRODUCT_NAME = "$(TARGET_NAME)";
				TEST_HOST = "$(BUILT_PRODUCTS_DIR)/Masterbatches.app/Masterbatches";
			};
			name = Debug;
		};
		443366C51A923349002DD5F5 /* Release */ = {
			isa = XCBuildConfiguration;
			buildSettings = {
				BUNDLE_LOADER = "$(TEST_HOST)";
				FRAMEWORK_SEARCH_PATHS = (
					"$(SDKROOT)/Developer/Library/Frameworks",
					"$(inherited)",
				);
				INFOPLIST_FILE = MasterbatchesTests/Info.plist;
				LD_RUNPATH_SEARCH_PATHS = "$(inherited) @executable_path/Frameworks @loader_path/Frameworks";
				PRODUCT_NAME = "$(TARGET_NAME)";
				TEST_HOST = "$(BUILT_PRODUCTS_DIR)/Masterbatches.app/Masterbatches";
			};
			name = Release;
		};
/* End XCBuildConfiguration section */

/* Begin XCConfigurationList section */
		443366951A923349002DD5F5 /* Build configuration list for PBXProject "Masterbatches" */ = {
			isa = XCConfigurationList;
			buildConfigurations = (
				443366BE1A923349002DD5F5 /* Debug */,
				443366BF1A923349002DD5F5 /* Release */,
			);
			defaultConfigurationIsVisible = 0;
			defaultConfigurationName = Release;
		};
		443366C01A923349002DD5F5 /* Build configuration list for PBXNativeTarget "Masterbatches" */ = {
			isa = XCConfigurationList;
			buildConfigurations = (
				443366C11A923349002DD5F5 /* Debug */,
				443366C21A923349002DD5F5 /* Release */,
			);
			defaultConfigurationIsVisible = 0;
			defaultConfigurationName = Release;
		};
		443366C31A923349002DD5F5 /* Build configuration list for PBXNativeTarget "MasterbatchesTests" */ = {
			isa = XCConfigurationList;
			buildConfigurations = (
				443366C41A923349002DD5F5 /* Debug */,
				443366C51A923349002DD5F5 /* Release */,
			);
			defaultConfigurationIsVisible = 0;
			defaultConfigurationName = Release;
		};
/* End XCConfigurationList section */

/* Begin XCVersionGroup section */
		443366A41A923349002DD5F5 /* Masterbatches.xcdatamodeld */ = {
			isa = XCVersionGroup;
			children = (
				443366A51A923349002DD5F5 /* Masterbatches.xcdatamodel */,
			);
			currentVersion = 443366A51A923349002DD5F5 /* Masterbatches.xcdatamodel */;
			path = Masterbatches.xcdatamodeld;
			sourceTree = "<group>";
			versionGroupType = wrapper.xcdatamodel;
		};
/* End XCVersionGroup section */
	};
	rootObject = 443366921A923349002DD5F5 /* Project object */;
}
